
Microsoft Visual Studio Solution File, Format Version 12.00
# Visual Studio Version 16
VisualStudioVersion = 16.0.29613.14
MinimumVisualStudioVersion = 10.0.40219.1
Project("{8BC9CEB8-8B4A-11D0-8D11-00A0C91BC942}") = "TwindoProto", "TwindoProto\TwindoProto.vcxproj", "{6554FC0F-C6E7-4566-B138-367763277E04}"
EndProject
Project("{8BC9CEB8-8B4A-11D0-8D11-00A0C91BC942}") = "TwindoDll", "TwindoDll\TwindoDll.vcxproj", "{A1D8D57D-44BE-4E59-91B4-9DE5BD9AF568}"
EndProject
Global
	GlobalSection(SolutionConfigurationPlatforms) = preSolution
		Debug|x64 = Debug|x64
		Debug|x86 = Debug|x86
		Release|x64 = Release|x64
		Release|x86 = Release|x86
	EndGlobalSection
	GlobalSection(ProjectConfigurationPlatforms) = postSolution
		{6554FC0F-C6E7-4566-B138-367763277E04}.Debug|x64.ActiveCfg = Debug|x64
		{6554FC0F-C6E7-4566-B138-367763277E04}.Debug|x64.Build.0 = Debug|x64
		{6554FC0F-C6E7-4566-B138-367763277E04}.Debug|x86.ActiveCfg = Debug|Win32
		{6554FC0F-C6E7-4566-B138-367763277E04}.Debug|x86.Build.0 = Debug|Win32
		{6554FC0F-C6E7-4566-B138-367763277E04}.Release|x64.ActiveCfg = Release|x64
		{6554FC0F-C6E7-4566-B138-367763277E04}.Release|x64.Build.0 = Release|x64
		{6554FC0F-C6E7-4566-B138-367763277E04}.Release|x86.ActiveCfg = Release|Win32
		{6554FC0F-C6E7-4566-B138-367763277E04}.Release|x86.Build.0 = Release|Win32
		{A1D8D57D-44BE-4E59-91B4-9DE5BD9AF568}.Debug|x64.ActiveCfg = Debug|x64
		{A1D8D57D-44BE-4E59-91B4-9DE5BD9AF568}.Debug|x64.Build.0 = Debug|x64
		{A1D8D57D-44BE-4E59-91B4-9DE5BD9AF568}.Debug|x86.ActiveCfg = Debug|Win32
		{A1D8D57D-44BE-4E59-91B4-9DE5BD9AF568}.Debug|x86.Build.0 = Debug|Win32
		{A1D8D57D-44BE-4E59-91B4-9DE5BD9AF568}.Release|x64.ActiveCfg = Release|x64
		{A1D8D57D-44BE-4E59-91B4-9DE5BD9AF568}.Release|x64.Build.0 = Release|x64
		{A1D8D57D-44BE-4E59-91B4-9DE5BD9AF568}.Release|x86.ActiveCfg = Release|Win32
		{A1D8D57D-44BE-4E59-91B4-9DE5BD9AF568}.Release|x86.Build.0 = Release|Win32
	EndGlobalSection
	GlobalSection(SolutionProperties) = preSolution
		HideSolutionNode = FALSE
	EndGlobalSection
	GlobalSection(ExtensibilityGlobals) = postSolution
		SolutionGuid = {DC7F33ED-C7A4-4D98-8474-1B718F2E3B40}
	EndGlobalSection
EndGlobal
